
Microsoft Visual Studio Solution File, Format Version 12.00
# Visual Studio Version 17
VisualStudioVersion = 17.2.32210.308
MinimumVisualStudioVersion = 10.0.40219.1
Project("{8BC9CEB8-8B4A-11D0-8D11-00A0C91BC942}") = "Ejercicio1", "Ejercicio1\Ejercicio1.vcxproj", "{CFDCD853-4E47-4D1E-A814-C805E0421A63}"
EndProject
Global
	GlobalSection(SolutionConfigurationPlatforms) = preSolution
		Debug|x64 = Debug|x64
		Debug|x86 = Debug|x86
		Release|x64 = Release|x64
		Release|x86 = Release|x86
	EndGlobalSection
	GlobalSection(ProjectConfigurationPlatforms) = postSolution
		{CFDCD853-4E47-4D1E-A814-C805E0421A63}.Debug|x64.ActiveCfg = Debug|x64
		{CFDCD853-4E47-4D1E-A814-C805E0421A63}.Debug|x64.Build.0 = Debug|x64
		{CFDCD853-4E47-4D1E-A814-C805E0421A63}.Debug|x86.ActiveCfg = Debug|Win32
		{CFDCD853-4E47-4D1E-A814-C805E0421A63}.Debug|x86.Build.0 = Debug|Win32
		{CFDCD853-4E47-4D1E-A814-C805E0421A63}.Release|x64.ActiveCfg = Release|x64
		{CFDCD853-4E47-4D1E-A814-C805E0421A63}.Release|x64.Build.0 = Release|x64
		{CFDCD853-4E47-4D1E-A814-C805E0421A63}.Release|x86.ActiveCfg = Release|Win32
		{CFDCD853-4E47-4D1E-A814-C805E0421A63}.Release|x86.Build.0 = Release|Win32
	EndGlobalSection
	GlobalSection(SolutionProperties) = preSolution
		HideSolutionNode = FALSE
	EndGlobalSection
	GlobalSection(ExtensibilityGlobals) = postSolution
		SolutionGuid = {D17AE99A-F667-4B40-B14B-4621D2C8A398}
	EndGlobalSection
EndGlobal
